
Microsoft Visual Studio Solution File, Format Version 12.00
# Visual Studio 15
VisualStudioVersion = 15.0.28307.489
MinimumVisualStudioVersion = 10.0.40219.1
Project("{2150E333-8FDC-42A3-9474-1A3956D46DE8}") = "Data.Character", "Data.Character", "{F4D6FC39-0121-4E82-B873-93E7BF1D1597}"
EndProject
Project("{9A19103F-16F7-4668-BE54-9A1E7A4F7556}") = "Data.Entities", "Data.Character\Data.Entities\Data.Entities.csproj", "{EADEF0E4-B76A-48B1-9972-A937B495601E}"
EndProject
Project("{9A19103F-16F7-4668-BE54-9A1E7A4F7556}") = "Data.Factories", "Data.Character\Data.Factories\Data.Factories.csproj", "{D6897706-E75F-4C9A-9005-2087FCF635A6}"
EndProject
Project("{2150E333-8FDC-42A3-9474-1A3956D46DE8}") = "Migration", "Migration", "{FEE89CB2-7F8A-4C79-860A-77A95EE7D7DF}"
EndProject
Project("{9A19103F-16F7-4668-BE54-9A1E7A4F7556}") = "WriteToJson", "Migration\WriteToJson\WriteToJson.csproj", "{A7D2092B-3F6A-4CAF-91A7-AD2DAFDAF276}"
EndProject
Project("{9A19103F-16F7-4668-BE54-9A1E7A4F7556}") = "ExportToDB", "Migration\ExportToDB\ExportToDB.csproj", "{1ACC24E4-15BB-47B8-A440-EF777BF9068B}"
EndProject
Project("{2150E333-8FDC-42A3-9474-1A3956D46DE8}") = "Gui", "Gui", "{5AAE83AF-A2EC-4CD1-A316-FF7545253095}"
EndProject
Project("{FAE04EC0-301F-11D3-BF4B-00C04F79EFBC}") = "ToolsCharacterForm", "Gui\ToolsCharacterForm\ToolsCharacterForm.csproj", "{9730B033-6C3F-4A65-896E-20AE0C9B5134}"
EndProject
Project("{2150E333-8FDC-42A3-9474-1A3956D46DE8}") = "ShouldBe", "ShouldBe", "{46777701-C7C8-4071-B5C6-AF1980390140}"
EndProject
Project("{FAE04EC0-301F-11D3-BF4B-00C04F79EFBC}") = "WriteToJson.Test", "Test\WriteToJson.Test\WriteToJson.Test.csproj", "{3501BAA5-9080-437F-8336-96C488F8B421}"
EndProject
Project("{2150E333-8FDC-42A3-9474-1A3956D46DE8}") = "Json.Output", "Json.Output", "{9DA7FD5C-D74D-425E-B316-0D5E4DDE743F}"
	ProjectSection(SolutionItems) = preProject
		Gui\ToolsCharacterForm\bin\Debug\Output\COMMANDANT_ARGOSSIAN.json = Gui\ToolsCharacterForm\bin\Debug\Output\COMMANDANT_ARGOSSIAN.json
		Gui\ToolsCharacterForm\bin\Debug\Output\EMILIO_GRANDERS.json = Gui\ToolsCharacterForm\bin\Debug\Output\EMILIO_GRANDERS.json
	EndProjectSection
EndProject
Project("{FAE04EC0-301F-11D3-BF4B-00C04F79EFBC}") = "Data.Context", "Data.Context\Data.Context.csproj", "{61225CEB-98B4-4E74-BE11-FC1A576080EE}"
EndProject
Project("{FAE04EC0-301F-11D3-BF4B-00C04F79EFBC}") = "Data.Repositories", "Data.Repositories\Data.Repositories.csproj", "{F18209DC-265B-48CB-A64C-798E60863C7C}"
EndProject
Project("{2150E333-8FDC-42A3-9474-1A3956D46DE8}") = "WPF", "WPF", "{B83DAED6-3191-4CC1-AC8B-FCAD323598D1}"
EndProject
Project("{FAE04EC0-301F-11D3-BF4B-00C04F79EFBC}") = "WpfCyberPunk", "WpfCyberPunk\WpfCyberPunk.csproj", "{69B6396A-C106-47BA-99DB-1A663F1BC0BC}"
EndProject
Project("{2150E333-8FDC-42A3-9474-1A3956D46DE8}") = "Json.Init", "Json.Init", "{F100728B-833F-4FF4-8B0B-8E28A36CDFA9}"
	ProjectSection(SolutionItems) = preProject
		Init\Features_Skills.json = Init\Features_Skills.json
	EndProjectSection
EndProject
Global
	GlobalSection(SolutionConfigurationPlatforms) = preSolution
		Debug|Any CPU = Debug|Any CPU
		Release|Any CPU = Release|Any CPU
	EndGlobalSection
	GlobalSection(ProjectConfigurationPlatforms) = postSolution
		{EADEF0E4-B76A-48B1-9972-A937B495601E}.Debug|Any CPU.ActiveCfg = Debug|Any CPU
		{EADEF0E4-B76A-48B1-9972-A937B495601E}.Debug|Any CPU.Build.0 = Debug|Any CPU
		{EADEF0E4-B76A-48B1-9972-A937B495601E}.Release|Any CPU.ActiveCfg = Release|Any CPU
		{EADEF0E4-B76A-48B1-9972-A937B495601E}.Release|Any CPU.Build.0 = Release|Any CPU
		{D6897706-E75F-4C9A-9005-2087FCF635A6}.Debug|Any CPU.ActiveCfg = Debug|Any CPU
		{D6897706-E75F-4C9A-9005-2087FCF635A6}.Debug|Any CPU.Build.0 = Debug|Any CPU
		{D6897706-E75F-4C9A-9005-2087FCF635A6}.Release|Any CPU.ActiveCfg = Release|Any CPU
		{D6897706-E75F-4C9A-9005-2087FCF635A6}.Release|Any CPU.Build.0 = Release|Any CPU
		{A7D2092B-3F6A-4CAF-91A7-AD2DAFDAF276}.Debug|Any CPU.ActiveCfg = Debug|Any CPU
		{A7D2092B-3F6A-4CAF-91A7-AD2DAFDAF276}.Debug|Any CPU.Build.0 = Debug|Any CPU
		{A7D2092B-3F6A-4CAF-91A7-AD2DAFDAF276}.Release|Any CPU.ActiveCfg = Release|Any CPU
		{A7D2092B-3F6A-4CAF-91A7-AD2DAFDAF276}.Release|Any CPU.Build.0 = Release|Any CPU
		{1ACC24E4-15BB-47B8-A440-EF777BF9068B}.Debug|Any CPU.ActiveCfg = Debug|Any CPU
		{1ACC24E4-15BB-47B8-A440-EF777BF9068B}.Debug|Any CPU.Build.0 = Debug|Any CPU
		{1ACC24E4-15BB-47B8-A440-EF777BF9068B}.Release|Any CPU.ActiveCfg = Release|Any CPU
		{1ACC24E4-15BB-47B8-A440-EF777BF9068B}.Release|Any CPU.Build.0 = Release|Any CPU
		{9730B033-6C3F-4A65-896E-20AE0C9B5134}.Debug|Any CPU.ActiveCfg = Debug|Any CPU
		{9730B033-6C3F-4A65-896E-20AE0C9B5134}.Debug|Any CPU.Build.0 = Debug|Any CPU
		{9730B033-6C3F-4A65-896E-20AE0C9B5134}.Release|Any CPU.ActiveCfg = Release|Any CPU
		{9730B033-6C3F-4A65-896E-20AE0C9B5134}.Release|Any CPU.Build.0 = Release|Any CPU
		{3501BAA5-9080-437F-8336-96C488F8B421}.Debug|Any CPU.ActiveCfg = Debug|Any CPU
		{3501BAA5-9080-437F-8336-96C488F8B421}.Debug|Any CPU.Build.0 = Debug|Any CPU
		{3501BAA5-9080-437F-8336-96C488F8B421}.Release|Any CPU.ActiveCfg = Release|Any CPU
		{3501BAA5-9080-437F-8336-96C488F8B421}.Release|Any CPU.Build.0 = Release|Any CPU
		{61225CEB-98B4-4E74-BE11-FC1A576080EE}.Debug|Any CPU.ActiveCfg = Debug|Any CPU
		{61225CEB-98B4-4E74-BE11-FC1A576080EE}.Debug|Any CPU.Build.0 = Debug|Any CPU
		{61225CEB-98B4-4E74-BE11-FC1A576080EE}.Release|Any CPU.ActiveCfg = Release|Any CPU
		{61225CEB-98B4-4E74-BE11-FC1A576080EE}.Release|Any CPU.Build.0 = Release|Any CPU
		{F18209DC-265B-48CB-A64C-798E60863C7C}.Debug|Any CPU.ActiveCfg = Debug|Any CPU
		{F18209DC-265B-48CB-A64C-798E60863C7C}.Debug|Any CPU.Build.0 = Debug|Any CPU
		{F18209DC-265B-48CB-A64C-798E60863C7C}.Release|Any CPU.ActiveCfg = Release|Any CPU
		{F18209DC-265B-48CB-A64C-798E60863C7C}.Release|Any CPU.Build.0 = Release|Any CPU
		{69B6396A-C106-47BA-99DB-1A663F1BC0BC}.Debug|Any CPU.ActiveCfg = Debug|Any CPU
		{69B6396A-C106-47BA-99DB-1A663F1BC0BC}.Debug|Any CPU.Build.0 = Debug|Any CPU
		{69B6396A-C106-47BA-99DB-1A663F1BC0BC}.Release|Any CPU.ActiveCfg = Release|Any CPU
		{69B6396A-C106-47BA-99DB-1A663F1BC0BC}.Release|Any CPU.Build.0 = Release|Any CPU
	EndGlobalSection
	GlobalSection(SolutionProperties) = preSolution
		HideSolutionNode = FALSE
	EndGlobalSection
	GlobalSection(NestedProjects) = preSolution
		{EADEF0E4-B76A-48B1-9972-A937B495601E} = {F4D6FC39-0121-4E82-B873-93E7BF1D1597}
		{D6897706-E75F-4C9A-9005-2087FCF635A6} = {F4D6FC39-0121-4E82-B873-93E7BF1D1597}
		{A7D2092B-3F6A-4CAF-91A7-AD2DAFDAF276} = {FEE89CB2-7F8A-4C79-860A-77A95EE7D7DF}
		{1ACC24E4-15BB-47B8-A440-EF777BF9068B} = {FEE89CB2-7F8A-4C79-860A-77A95EE7D7DF}
		{9730B033-6C3F-4A65-896E-20AE0C9B5134} = {5AAE83AF-A2EC-4CD1-A316-FF7545253095}
		{3501BAA5-9080-437F-8336-96C488F8B421} = {46777701-C7C8-4071-B5C6-AF1980390140}
		{61225CEB-98B4-4E74-BE11-FC1A576080EE} = {F4D6FC39-0121-4E82-B873-93E7BF1D1597}
		{F18209DC-265B-48CB-A64C-798E60863C7C} = {F4D6FC39-0121-4E82-B873-93E7BF1D1597}
		{69B6396A-C106-47BA-99DB-1A663F1BC0BC} = {B83DAED6-3191-4CC1-AC8B-FCAD323598D1}
		{F100728B-833F-4FF4-8B0B-8E28A36CDFA9} = {F4D6FC39-0121-4E82-B873-93E7BF1D1597}
	EndGlobalSection
	GlobalSection(ExtensibilityGlobals) = postSolution
		SolutionGuid = {0F5D5DDF-1194-4E6B-9C88-343D79CB9D02}
	EndGlobalSection
EndGlobal
